// !$*UTF8*$!
{
	archiveVersion = 1;
	classes = {
	};
	objectVersion = 46;
	objects = {

/* Begin PBXBuildFile section */
		3803A75B15BE171A0062C114 /* ocunit2junit.rb in Resources */ = {isa = PBXBuildFile; fileRef = 3803A75915BE171A0062C114 /* ocunit2junit.rb */; };
		3803A75C15BE171A0062C114 /* RunPlatformUnitTests in Resources */ = {isa = PBXBuildFile; fileRef = 3803A75A15BE171A0062C114 /* RunPlatformUnitTests */; };
		3803A77015BE35660062C114 /* Icon.png in Resources */ = {isa = PBXBuildFile; fileRef = 3803A76615BE35590062C114 /* Icon.png */; };
		3803A77115BE35680062C114 /* Icon@2x.png in Resources */ = {isa = PBXBuildFile; fileRef = 3803A76715BE35590062C114 /* Icon@2x.png */; };
		3803A77815BE37EC0062C114 /* Default.png in Resources */ = {isa = PBXBuildFile; fileRef = 3803A77215BE37E40062C114 /* Default.png */; };
		3803A77915BE37EC0062C114 /* Default@2x.png in Resources */ = {isa = PBXBuildFile; fileRef = 3803A77315BE37E40062C114 /* Default@2x.png */; };
		3803A77B15BE37EC0062C114 /* Icon-72.png in Resources */ = {isa = PBXBuildFile; fileRef = 3803A76015BE35590062C114 /* Icon-72.png */; };
		3803A77C15BE37EC0062C114 /* Icon-72@2x.png in Resources */ = {isa = PBXBuildFile; fileRef = 3803A76115BE35590062C114 /* Icon-72@2x.png */; };
		3803A77D15BE37EC0062C114 /* Icon-Small-50.png in Resources */ = {isa = PBXBuildFile; fileRef = 3803A76215BE35590062C114 /* Icon-Small-50.png */; };
		3803A77E15BE37EC0062C114 /* Icon-Small-50@2x.png in Resources */ = {isa = PBXBuildFile; fileRef = 3803A76315BE35590062C114 /* Icon-Small-50@2x.png */; };
		3803A77F15BE37EC0062C114 /* Icon-Small.png in Resources */ = {isa = PBXBuildFile; fileRef = 3803A76415BE35590062C114 /* Icon-Small.png */; };
		3803A78015BE37EC0062C114 /* Icon-Small@2x.png in Resources */ = {isa = PBXBuildFile; fileRef = 3803A76515BE35590062C114 /* Icon-Small@2x.png */; };
		3803A78815BE5AFE0062C114 /* Default-Portrait~ipad.png in Resources */ = {isa = PBXBuildFile; fileRef = 3803A78715BE5AFE0062C114 /* Default-Portrait~ipad.png */; };
		3803A7B215BE79690062C114 /* CoverageFix.m in Sources */ = {isa = PBXBuildFile; fileRef = 3803A7B115BE79690062C114 /* CoverageFix.m */; };
		382394D0163ACFCD00098960 /* run_gcovr.sh in Resources */ = {isa = PBXBuildFile; fileRef = 382394C6163ACFCD00098960 /* run_gcovr.sh */; };
		382394D1163ACFCD00098960 /* cli_unit_tests_with_results.sh in Resources */ = {isa = PBXBuildFile; fileRef = 382394C7163ACFCD00098960 /* cli_unit_tests_with_results.sh */; };
		382394D2163ACFCD00098960 /* cli_unit_tests_with_results.rb in Resources */ = {isa = PBXBuildFile; fileRef = 382394C8163ACFCD00098960 /* cli_unit_tests_with_results.rb */; };
		382394D3163ACFCD00098960 /* cli_unit_tests_with_ios-sim.rb in Resources */ = {isa = PBXBuildFile; fileRef = 382394C9163ACFCD00098960 /* cli_unit_tests_with_ios-sim.rb */; };
		382394D4163ACFCD00098960 /* clean_compile_test.sh in Resources */ = {isa = PBXBuildFile; fileRef = 382394CA163ACFCD00098960 /* clean_compile_test.sh */; };
		382394D5163ACFCD00098960 /* clean_compile_noTests.sh in Resources */ = {isa = PBXBuildFile; fileRef = 382394CB163ACFCD00098960 /* clean_compile_noTests.sh */; };
		382394D6163ACFCD00098960 /* appledoc.sh in Resources */ = {isa = PBXBuildFile; fileRef = 382394CC163ACFCD00098960 /* appledoc.sh */; };
		382394D7163ACFCD00098960 /* run_cpd.sh in Resources */ = {isa = PBXBuildFile; fileRef = 382394CD163ACFCD00098960 /* run_cpd.sh */; };
		382394D8163ACFCD00098960 /* testflight_deploy.sh in Resources */ = {isa = PBXBuildFile; fileRef = 382394CE163ACFCD00098960 /* testflight_deploy.sh */; };
		382394D9163ACFCD00098960 /* service_check.sh in Resources */ = {isa = PBXBuildFile; fileRef = 382394CF163ACFCD00098960 /* service_check.sh */; };
		3861499515AA2C3B00E79B6C /* UIKit.framework in Frameworks */ = {isa = PBXBuildFile; fileRef = 3861499415AA2C3B00E79B6C /* UIKit.framework */; };
		3861499715AA2C3B00E79B6C /* Foundation.framework in Frameworks */ = {isa = PBXBuildFile; fileRef = 3861499615AA2C3B00E79B6C /* Foundation.framework */; };
		3861499915AA2C3B00E79B6C /* CoreGraphics.framework in Frameworks */ = {isa = PBXBuildFile; fileRef = 3861499815AA2C3B00E79B6C /* CoreGraphics.framework */; };
		3861499F15AA2C3B00E79B6C /* InfoPlist.strings in Resources */ = {isa = PBXBuildFile; fileRef = 3861499D15AA2C3B00E79B6C /* InfoPlist.strings */; };
		386149A115AA2C3B00E79B6C /* main.m in Sources */ = {isa = PBXBuildFile; fileRef = 386149A015AA2C3B00E79B6C /* main.m */; };
		386149A515AA2C3B00E79B6C /* MUAppDelegate.m in Sources */ = {isa = PBXBuildFile; fileRef = 386149A415AA2C3B00E79B6C /* MUAppDelegate.m */; };
		386149A815AA2C3B00E79B6C /* MainStoryboard_iPhone.storyboard in Resources */ = {isa = PBXBuildFile; fileRef = 386149A615AA2C3B00E79B6C /* MainStoryboard_iPhone.storyboard */; };
		386149AB15AA2C3B00E79B6C /* MainStoryboard_iPad.storyboard in Resources */ = {isa = PBXBuildFile; fileRef = 386149A915AA2C3B00E79B6C /* MainStoryboard_iPad.storyboard */; };
		386149AE15AA2C3B00E79B6C /* MUMasterViewController.m in Sources */ = {isa = PBXBuildFile; fileRef = 386149AD15AA2C3B00E79B6C /* MUMasterViewController.m */; };
		386149B115AA2C3B00E79B6C /* MUDetailViewController.m in Sources */ = {isa = PBXBuildFile; fileRef = 386149B015AA2C3B00E79B6C /* MUDetailViewController.m */; };
		386149B915AA2C3B00E79B6C /* SenTestingKit.framework in Frameworks */ = {isa = PBXBuildFile; fileRef = 386149B815AA2C3B00E79B6C /* SenTestingKit.framework */; };
		386149BA15AA2C3B00E79B6C /* UIKit.framework in Frameworks */ = {isa = PBXBuildFile; fileRef = 3861499415AA2C3B00E79B6C /* UIKit.framework */; };
		386149BB15AA2C3B00E79B6C /* Foundation.framework in Frameworks */ = {isa = PBXBuildFile; fileRef = 3861499615AA2C3B00E79B6C /* Foundation.framework */; };
		386149C315AA2C3B00E79B6C /* InfoPlist.strings in Resources */ = {isa = PBXBuildFile; fileRef = 386149C115AA2C3B00E79B6C /* InfoPlist.strings */; };
		386149D515AA689D00E79B6C /* MUPrinciples.m in Sources */ = {isa = PBXBuildFile; fileRef = 386149D415AA689D00E79B6C /* MUPrinciples.m */; };
		386149D915AA69D000E79B6C /* MUConcept.m in Sources */ = {isa = PBXBuildFile; fileRef = 386149D815AA69D000E79B6C /* MUConcept.m */; };
		386149DC15AA87E500E79B6C /* MUConceptTest.m in Sources */ = {isa = PBXBuildFile; fileRef = 386149DB15AA87E500E79B6C /* MUConceptTest.m */; };
		386149DF15AA8B7C00E79B6C /* MUPrinciplesTest.m in Sources */ = {isa = PBXBuildFile; fileRef = 386149DE15AA8B7C00E79B6C /* MUPrinciplesTest.m */; };
		386149E115AA968A00E79B6C /* README.md in Resources */ = {isa = PBXBuildFile; fileRef = 386149E015AA968A00E79B6C /* README.md */; };
		387ED5D3163987720074A89A /* Default-568h@2x.png in Resources */ = {isa = PBXBuildFile; fileRef = 387ED5D2163987720074A89A /* Default-568h@2x.png */; };
		387ED5E116398CC70074A89A /* Default-Portrait@2x~ipad.png in Resources */ = {isa = PBXBuildFile; fileRef = 387ED5E016398CC70074A89A /* Default-Portrait@2x~ipad.png */; };
		387ED5E316398CCD0074A89A /* Default-Landscape~ipad.png in Resources */ = {isa = PBXBuildFile; fileRef = 387ED5E216398CCD0074A89A /* Default-Landscape~ipad.png */; };
		387ED5E516398CD30074A89A /* Default-Landscape@2x~ipad.png in Resources */ = {isa = PBXBuildFile; fileRef = 387ED5E416398CD30074A89A /* Default-Landscape@2x~ipad.png */; };
		3886634B169F7E9F00565183 /* pushover_notification.sh in Resources */ = {isa = PBXBuildFile; fileRef = 3886634A169F7E9F00565183 /* pushover_notification.sh */; };
		38866351169F7EFE00565183 /* run_automation.sh in Resources */ = {isa = PBXBuildFile; fileRef = 3886634D169F7EFE00565183 /* run_automation.sh */; };
		38866352169F7EFE00565183 /* unix_instruments in Resources */ = {isa = PBXBuildFile; fileRef = 3886634E169F7EFE00565183 /* unix_instruments */; };
		38866353169F7EFE00565183 /* env.js in Sources */ = {isa = PBXBuildFile; fileRef = 3886634F169F7EFE00565183 /* env.js */; };
		38866354169F7EFE00565183 /* UIAutomationTemplate.tracetemplate in Resources */ = {isa = PBXBuildFile; fileRef = 38866350169F7EFE00565183 /* UIAutomationTemplate.tracetemplate */; };
		38866355169FC8D800565183 /* appledoc.sh in Resources */ = {isa = PBXBuildFile; fileRef = 382394CC163ACFCD00098960 /* appledoc.sh */; };
		38866356169FC8D800565183 /* clean_compile_noTests.sh in Resources */ = {isa = PBXBuildFile; fileRef = 382394CB163ACFCD00098960 /* clean_compile_noTests.sh */; };
		38866357169FC8D800565183 /* clean_compile_test.sh in Resources */ = {isa = PBXBuildFile; fileRef = 382394CA163ACFCD00098960 /* clean_compile_test.sh */; };
		38866358169FC8D800565183 /* cli_unit_tests_with_ios-sim.rb in Resources */ = {isa = PBXBuildFile; fileRef = 382394C9163ACFCD00098960 /* cli_unit_tests_with_ios-sim.rb */; };
		38866359169FC8D800565183 /* cli_unit_tests_with_results.rb in Resources */ = {isa = PBXBuildFile; fileRef = 382394C8163ACFCD00098960 /* cli_unit_tests_with_results.rb */; };
		3886635A169FC8D800565183 /* cli_unit_tests_with_results.sh in Resources */ = {isa = PBXBuildFile; fileRef = 382394C7163ACFCD00098960 /* cli_unit_tests_with_results.sh */; };
		3886635B169FC8D800565183 /* pushover_notification.sh in Resources */ = {isa = PBXBuildFile; fileRef = 3886634A169F7E9F00565183 /* pushover_notification.sh */; };
		3886635C169FC8D800565183 /* run_cpd.sh in Resources */ = {isa = PBXBuildFile; fileRef = 382394CD163ACFCD00098960 /* run_cpd.sh */; };
		3886635D169FC8D800565183 /* run_gcovr.sh in Resources */ = {isa = PBXBuildFile; fileRef = 382394C6163ACFCD00098960 /* run_gcovr.sh */; };
		3886635E169FC8D800565183 /* service_check.sh in Resources */ = {isa = PBXBuildFile; fileRef = 382394CF163ACFCD00098960 /* service_check.sh */; };
		3886635F169FC8D800565183 /* testflight_deploy.sh in Resources */ = {isa = PBXBuildFile; fileRef = 382394CE163ACFCD00098960 /* testflight_deploy.sh */; };
		38866360169FC8DF00565183 /* env.js in Resources */ = {isa = PBXBuildFile; fileRef = 3886634F169F7EFE00565183 /* env.js */; };
		38866361169FC8DF00565183 /* run_automation.sh in Resources */ = {isa = PBXBuildFile; fileRef = 3886634D169F7EFE00565183 /* run_automation.sh */; };
		38866362169FC8DF00565183 /* UIAutomationTemplate.tracetemplate in Resources */ = {isa = PBXBuildFile; fileRef = 38866350169F7EFE00565183 /* UIAutomationTemplate.tracetemplate */; };
		38866363169FC8DF00565183 /* unix_instruments in Resources */ = {isa = PBXBuildFile; fileRef = 3886634E169F7EFE00565183 /* unix_instruments */; };
		38866364169FC90500565183 /* SOLIDTests copy-Info.plist in Resources */ = {isa = PBXBuildFile; fileRef = 3803A7C815BE7E460062C114 /* SOLIDTests copy-Info.plist */; };
		38866365169FC90500565183 /* testSOLID_iPad.js in Resources */ = {isa = PBXBuildFile; fileRef = 387ED5DA16398AE20074A89A /* testSOLID_iPad.js */; };
		38866366169FC90500565183 /* testSOLID_iPhone.js in Resources */ = {isa = PBXBuildFile; fileRef = 387ED5DB16398AE20074A89A /* testSOLID_iPhone.js */; };
		38866367169FC90500565183 /* assertions.js in Resources */ = {isa = PBXBuildFile; fileRef = 388E0B3815BF1969009BB531 /* assertions.js */; };
		38866368169FC90500565183 /* lang-ext.js in Resources */ = {isa = PBXBuildFile; fileRef = 388E0B3915BF1969009BB531 /* lang-ext.js */; };
		38866369169FC90500565183 /* LICENSE in Resources */ = {isa = PBXBuildFile; fileRef = 388E0B3A15BF1969009BB531 /* LICENSE */; };
		3886636A169FC90500565183 /* README.md in Resources */ = {isa = PBXBuildFile; fileRef = 388E0B3B15BF1969009BB531 /* README.md */; };
		3886636B169FC90500565183 /* screen.js in Resources */ = {isa = PBXBuildFile; fileRef = 388E0B3C15BF1969009BB531 /* screen.js */; };
		3886636C169FC90500565183 /* test.js in Resources */ = {isa = PBXBuildFile; fileRef = 388E0B3D15BF1969009BB531 /* test.js */; };
		3886636D169FC90500565183 /* tuneup.js in Resources */ = {isa = PBXBuildFile; fileRef = 388E0B3E15BF1969009BB531 /* tuneup.js */; };
		3886636E169FC90500565183 /* uiautomation-ext.js in Resources */ = {isa = PBXBuildFile; fileRef = 388E0B3F15BF1969009BB531 /* uiautomation-ext.js */; };
		3886636F169FC90500565183 /* uiautomationHelpers.js in Resources */ = {isa = PBXBuildFile; fileRef = 387ED5DC16398AE20074A89A /* uiautomationHelpers.js */; };
/* End PBXBuildFile section */

/* Begin PBXContainerItemProxy section */
		386149BC15AA2C3B00E79B6C /* PBXContainerItemProxy */ = {
			isa = PBXContainerItemProxy;
			containerPortal = 3861498715AA2C3A00E79B6C /* Project object */;
			proxyType = 1;
			remoteGlobalIDString = 3861498F15AA2C3B00E79B6C;
			remoteInfo = SOLID;
		};
/* End PBXContainerItemProxy section */

/* Begin PBXFileReference section */
		3803A75915BE171A0062C114 /* ocunit2junit.rb */ = {isa = PBXFileReference; fileEncoding = 4; lastKnownFileType = text.script.ruby; path = ocunit2junit.rb; sourceTree = "<group>"; };
		3803A75A15BE171A0062C114 /* RunPlatformUnitTests */ = {isa = PBXFileReference; fileEncoding = 4; lastKnownFileType = text.script.sh; path = RunPlatformUnitTests; sourceTree = "<group>"; };
		3803A76015BE35590062C114 /* Icon-72.png */ = {isa = PBXFileReference; lastKnownFileType = image.png; path = "Icon-72.png"; sourceTree = "<group>"; };
		3803A76115BE35590062C114 /* Icon-72@2x.png */ = {isa = PBXFileReference; lastKnownFileType = image.png; path = "Icon-72@2x.png"; sourceTree = "<group>"; };
		3803A76215BE35590062C114 /* Icon-Small-50.png */ = {isa = PBXFileReference; lastKnownFileType = image.png; path = "Icon-Small-50.png"; sourceTree = "<group>"; };
		3803A76315BE35590062C114 /* Icon-Small-50@2x.png */ = {isa = PBXFileReference; lastKnownFileType = image.png; path = "Icon-Small-50@2x.png"; sourceTree = "<group>"; };
		3803A76415BE35590062C114 /* Icon-Small.png */ = {isa = PBXFileReference; lastKnownFileType = image.png; path = "Icon-Small.png"; sourceTree = "<group>"; };
		3803A76515BE35590062C114 /* Icon-Small@2x.png */ = {isa = PBXFileReference; lastKnownFileType = image.png; path = "Icon-Small@2x.png"; sourceTree = "<group>"; };
		3803A76615BE35590062C114 /* Icon.png */ = {isa = PBXFileReference; lastKnownFileType = image.png; path = Icon.png; sourceTree = "<group>"; };
		3803A76715BE35590062C114 /* Icon@2x.png */ = {isa = PBXFileReference; lastKnownFileType = image.png; path = "Icon@2x.png"; sourceTree = "<group>"; };
		3803A77215BE37E40062C114 /* Default.png */ = {isa = PBXFileReference; lastKnownFileType = image.png; path = Default.png; sourceTree = "<group>"; };
		3803A77315BE37E40062C114 /* Default@2x.png */ = {isa = PBXFileReference; lastKnownFileType = image.png; path = "Default@2x.png"; sourceTree = "<group>"; };
		3803A78715BE5AFE0062C114 /* Default-Portrait~ipad.png */ = {isa = PBXFileReference; lastKnownFileType = image.png; path = "Default-Portrait~ipad.png"; sourceTree = "<group>"; };
		3803A7B015BE79690062C114 /* CoverageFix.h */ = {isa = PBXFileReference; fileEncoding = 4; lastKnownFileType = sourcecode.c.h; path = CoverageFix.h; sourceTree = "<group>"; };
		3803A7B115BE79690062C114 /* CoverageFix.m */ = {isa = PBXFileReference; fileEncoding = 4; lastKnownFileType = sourcecode.c.objc; path = CoverageFix.m; sourceTree = "<group>"; };
		3803A7C815BE7E460062C114 /* SOLIDTests copy-Info.plist */ = {isa = PBXFileReference; lastKnownFileType = text.plist.xml; name = "SOLIDTests copy-Info.plist"; path = "/Users/muncman/workspace/SOLID/SOLIDTests copy-Info.plist"; sourceTree = "<absolute>"; };
		382394C6163ACFCD00098960 /* run_gcovr.sh */ = {isa = PBXFileReference; fileEncoding = 4; lastKnownFileType = text.script.sh; name = run_gcovr.sh; path = scripts/run_gcovr.sh; sourceTree = "<group>"; };
		382394C7163ACFCD00098960 /* cli_unit_tests_with_results.sh */ = {isa = PBXFileReference; fileEncoding = 4; lastKnownFileType = text.script.sh; name = cli_unit_tests_with_results.sh; path = scripts/cli_unit_tests_with_results.sh; sourceTree = "<group>"; };
		382394C8163ACFCD00098960 /* cli_unit_tests_with_results.rb */ = {isa = PBXFileReference; fileEncoding = 4; lastKnownFileType = text.script.ruby; name = cli_unit_tests_with_results.rb; path = scripts/cli_unit_tests_with_results.rb; sourceTree = "<group>"; };
		382394C9163ACFCD00098960 /* cli_unit_tests_with_ios-sim.rb */ = {isa = PBXFileReference; fileEncoding = 4; lastKnownFileType = text.script.ruby; name = "cli_unit_tests_with_ios-sim.rb"; path = "scripts/cli_unit_tests_with_ios-sim.rb"; sourceTree = "<group>"; };
		382394CA163ACFCD00098960 /* clean_compile_test.sh */ = {isa = PBXFileReference; fileEncoding = 4; lastKnownFileType = text.script.sh; name = clean_compile_test.sh; path = scripts/clean_compile_test.sh; sourceTree = "<group>"; };
		382394CB163ACFCD00098960 /* clean_compile_noTests.sh */ = {isa = PBXFileReference; fileEncoding = 4; lastKnownFileType = text.script.sh; name = clean_compile_noTests.sh; path = scripts/clean_compile_noTests.sh; sourceTree = "<group>"; };
		382394CC163ACFCD00098960 /* appledoc.sh */ = {isa = PBXFileReference; fileEncoding = 4; lastKnownFileType = text.script.sh; name = appledoc.sh; path = scripts/appledoc.sh; sourceTree = "<group>"; };
		382394CD163ACFCD00098960 /* run_cpd.sh */ = {isa = PBXFileReference; fileEncoding = 4; lastKnownFileType = text.script.sh; name = run_cpd.sh; path = scripts/run_cpd.sh; sourceTree = "<group>"; };
		382394CE163ACFCD00098960 /* testflight_deploy.sh */ = {isa = PBXFileReference; fileEncoding = 4; lastKnownFileType = text.script.sh; name = testflight_deploy.sh; path = scripts/testflight_deploy.sh; sourceTree = "<group>"; };
		382394CF163ACFCD00098960 /* service_check.sh */ = {isa = PBXFileReference; fileEncoding = 4; lastKnownFileType = text.script.sh; name = service_check.sh; path = scripts/service_check.sh; sourceTree = "<group>"; };
		3861499015AA2C3B00E79B6C /* SOLID.app */ = {isa = PBXFileReference; explicitFileType = wrapper.application; includeInIndex = 0; path = SOLID.app; sourceTree = BUILT_PRODUCTS_DIR; };
		3861499415AA2C3B00E79B6C /* UIKit.framework */ = {isa = PBXFileReference; lastKnownFileType = wrapper.framework; name = UIKit.framework; path = System/Library/Frameworks/UIKit.framework; sourceTree = SDKROOT; };
		3861499615AA2C3B00E79B6C /* Foundation.framework */ = {isa = PBXFileReference; lastKnownFileType = wrapper.framework; name = Foundation.framework; path = System/Library/Frameworks/Foundation.framework; sourceTree = SDKROOT; };
		3861499815AA2C3B00E79B6C /* CoreGraphics.framework */ = {isa = PBXFileReference; lastKnownFileType = wrapper.framework; name = CoreGraphics.framework; path = System/Library/Frameworks/CoreGraphics.framework; sourceTree = SDKROOT; };
		3861499C15AA2C3B00E79B6C /* SOLID-Info.plist */ = {isa = PBXFileReference; lastKnownFileType = text.plist.xml; path = "SOLID-Info.plist"; sourceTree = "<group>"; };
		3861499E15AA2C3B00E79B6C /* en */ = {isa = PBXFileReference; lastKnownFileType = text.plist.strings; name = en; path = en.lproj/InfoPlist.strings; sourceTree = "<group>"; };
		386149A015AA2C3B00E79B6C /* main.m */ = {isa = PBXFileReference; lastKnownFileType = sourcecode.c.objc; path = main.m; sourceTree = "<group>"; };
		386149A215AA2C3B00E79B6C /* SOLID-Prefix.pch */ = {isa = PBXFileReference; lastKnownFileType = sourcecode.c.h; path = "SOLID-Prefix.pch"; sourceTree = "<group>"; };
		386149A315AA2C3B00E79B6C /* MUAppDelegate.h */ = {isa = PBXFileReference; lastKnownFileType = sourcecode.c.h; path = MUAppDelegate.h; sourceTree = "<group>"; };
		386149A415AA2C3B00E79B6C /* MUAppDelegate.m */ = {isa = PBXFileReference; lastKnownFileType = sourcecode.c.objc; path = MUAppDelegate.m; sourceTree = "<group>"; };
		386149A715AA2C3B00E79B6C /* en */ = {isa = PBXFileReference; lastKnownFileType = file.storyboard; name = en; path = en.lproj/MainStoryboard_iPhone.storyboard; sourceTree = "<group>"; };
		386149AA15AA2C3B00E79B6C /* en */ = {isa = PBXFileReference; lastKnownFileType = file.storyboard; name = en; path = en.lproj/MainStoryboard_iPad.storyboard; sourceTree = "<group>"; };
		386149AC15AA2C3B00E79B6C /* MUMasterViewController.h */ = {isa = PBXFileReference; lastKnownFileType = sourcecode.c.h; path = MUMasterViewController.h; sourceTree = "<group>"; };
		386149AD15AA2C3B00E79B6C /* MUMasterViewController.m */ = {isa = PBXFileReference; lastKnownFileType = sourcecode.c.objc; path = MUMasterViewController.m; sourceTree = "<group>"; };
		386149AF15AA2C3B00E79B6C /* MUDetailViewController.h */ = {isa = PBXFileReference; lastKnownFileType = sourcecode.c.h; path = MUDetailViewController.h; sourceTree = "<group>"; };
		386149B015AA2C3B00E79B6C /* MUDetailViewController.m */ = {isa = PBXFileReference; lastKnownFileType = sourcecode.c.objc; path = MUDetailViewController.m; sourceTree = "<group>"; };
		386149B715AA2C3B00E79B6C /* SOLIDTests.octest */ = {isa = PBXFileReference; explicitFileType = wrapper.cfbundle; includeInIndex = 0; path = SOLIDTests.octest; sourceTree = BUILT_PRODUCTS_DIR; };
		386149B815AA2C3B00E79B6C /* SenTestingKit.framework */ = {isa = PBXFileReference; lastKnownFileType = wrapper.framework; name = SenTestingKit.framework; path = Library/Frameworks/SenTestingKit.framework; sourceTree = DEVELOPER_DIR; };
		386149C015AA2C3B00E79B6C /* SOLIDTests-Info.plist */ = {isa = PBXFileReference; lastKnownFileType = text.plist.xml; path = "SOLIDTests-Info.plist"; sourceTree = "<group>"; };
		386149C215AA2C3B00E79B6C /* en */ = {isa = PBXFileReference; lastKnownFileType = text.plist.strings; name = en; path = en.lproj/InfoPlist.strings; sourceTree = "<group>"; };
		386149D315AA689C00E79B6C /* MUPrinciples.h */ = {isa = PBXFileReference; fileEncoding = 4; lastKnownFileType = sourcecode.c.h; path = MUPrinciples.h; sourceTree = "<group>"; };
		386149D415AA689D00E79B6C /* MUPrinciples.m */ = {isa = PBXFileReference; fileEncoding = 4; lastKnownFileType = sourcecode.c.objc; path = MUPrinciples.m; sourceTree = "<group>"; };
		386149D715AA69D000E79B6C /* MUConcept.h */ = {isa = PBXFileReference; fileEncoding = 4; lastKnownFileType = sourcecode.c.h; path = MUConcept.h; sourceTree = "<group>"; };
		386149D815AA69D000E79B6C /* MUConcept.m */ = {isa = PBXFileReference; fileEncoding = 4; lastKnownFileType = sourcecode.c.objc; path = MUConcept.m; sourceTree = "<group>"; };
		386149DA15AA87E500E79B6C /* MUConceptTest.h */ = {isa = PBXFileReference; fileEncoding = 4; lastKnownFileType = sourcecode.c.h; path = MUConceptTest.h; sourceTree = "<group>"; };
		386149DB15AA87E500E79B6C /* MUConceptTest.m */ = {isa = PBXFileReference; fileEncoding = 4; lastKnownFileType = sourcecode.c.objc; path = MUConceptTest.m; sourceTree = "<group>"; };
		386149DD15AA8B7C00E79B6C /* MUPrinciplesTest.h */ = {isa = PBXFileReference; fileEncoding = 4; lastKnownFileType = sourcecode.c.h; path = MUPrinciplesTest.h; sourceTree = "<group>"; };
		386149DE15AA8B7C00E79B6C /* MUPrinciplesTest.m */ = {isa = PBXFileReference; fileEncoding = 4; lastKnownFileType = sourcecode.c.objc; path = MUPrinciplesTest.m; sourceTree = "<group>"; };
		386149E015AA968A00E79B6C /* README.md */ = {isa = PBXFileReference; fileEncoding = 4; lastKnownFileType = text; path = README.md; sourceTree = "<group>"; };
		387ED5D2163987720074A89A /* Default-568h@2x.png */ = {isa = PBXFileReference; lastKnownFileType = image.png; path = "Default-568h@2x.png"; sourceTree = "<group>"; };
		387ED5DA16398AE20074A89A /* testSOLID_iPad.js */ = {isa = PBXFileReference; fileEncoding = 4; lastKnownFileType = sourcecode.javascript; name = testSOLID_iPad.js; path = SOLIDFunc/testSOLID_iPad.js; sourceTree = "<group>"; };
		387ED5DB16398AE20074A89A /* testSOLID_iPhone.js */ = {isa = PBXFileReference; fileEncoding = 4; lastKnownFileType = sourcecode.javascript; name = testSOLID_iPhone.js; path = SOLIDFunc/testSOLID_iPhone.js; sourceTree = "<group>"; };
		387ED5DC16398AE20074A89A /* uiautomationHelpers.js */ = {isa = PBXFileReference; fileEncoding = 4; lastKnownFileType = sourcecode.javascript; name = uiautomationHelpers.js; path = SOLIDFunc/uiautomationHelpers.js; sourceTree = "<group>"; };
		387ED5E016398CC70074A89A /* Default-Portrait@2x~ipad.png */ = {isa = PBXFileReference; lastKnownFileType = image.png; path = "Default-Portrait@2x~ipad.png"; sourceTree = "<group>"; };
		387ED5E216398CCD0074A89A /* Default-Landscape~ipad.png */ = {isa = PBXFileReference; lastKnownFileType = image.png; path = "Default-Landscape~ipad.png"; sourceTree = "<group>"; };
		387ED5E416398CD30074A89A /* Default-Landscape@2x~ipad.png */ = {isa = PBXFileReference; lastKnownFileType = image.png; path = "Default-Landscape@2x~ipad.png"; sourceTree = "<group>"; };
		3886634A169F7E9F00565183 /* pushover_notification.sh */ = {isa = PBXFileReference; fileEncoding = 4; lastKnownFileType = text.script.sh; name = pushover_notification.sh; path = scripts/pushover_notification.sh; sourceTree = "<group>"; };
		3886634D169F7EFE00565183 /* run_automation.sh */ = {isa = PBXFileReference; fileEncoding = 4; lastKnownFileType = text.script.sh; path = run_automation.sh; sourceTree = "<group>"; };
		3886634E169F7EFE00565183 /* unix_instruments */ = {isa = PBXFileReference; fileEncoding = 4; lastKnownFileType = text; path = unix_instruments; sourceTree = "<group>"; };
		3886634F169F7EFE00565183 /* env.js */ = {isa = PBXFileReference; fileEncoding = 4; lastKnownFileType = sourcecode.javascript; path = env.js; sourceTree = "<group>"; };
		38866350169F7EFE00565183 /* UIAutomationTemplate.tracetemplate */ = {isa = PBXFileReference; lastKnownFileType = file.bplist; path = UIAutomationTemplate.tracetemplate; sourceTree = "<group>"; };
		388E0B3815BF1969009BB531 /* assertions.js */ = {isa = PBXFileReference; fileEncoding = 4; lastKnownFileType = sourcecode.javascript; path = assertions.js; sourceTree = "<group>"; };
		388E0B3915BF1969009BB531 /* lang-ext.js */ = {isa = PBXFileReference; fileEncoding = 4; lastKnownFileType = sourcecode.javascript; path = "lang-ext.js"; sourceTree = "<group>"; };
		388E0B3A15BF1969009BB531 /* LICENSE */ = {isa = PBXFileReference; fileEncoding = 4; lastKnownFileType = text; path = LICENSE; sourceTree = "<group>"; };
		388E0B3B15BF1969009BB531 /* README.md */ = {isa = PBXFileReference; fileEncoding = 4; lastKnownFileType = text; path = README.md; sourceTree = "<group>"; };
		388E0B3C15BF1969009BB531 /* screen.js */ = {isa = PBXFileReference; fileEncoding = 4; lastKnownFileType = sourcecode.javascript; path = screen.js; sourceTree = "<group>"; };
		388E0B3D15BF1969009BB531 /* test.js */ = {isa = PBXFileReference; fileEncoding = 4; lastKnownFileType = sourcecode.javascript; path = test.js; sourceTree = "<group>"; };
		388E0B3E15BF1969009BB531 /* tuneup.js */ = {isa = PBXFileReference; fileEncoding = 4; lastKnownFileType = sourcecode.javascript; path = tuneup.js; sourceTree = "<group>"; };
		388E0B3F15BF1969009BB531 /* uiautomation-ext.js */ = {isa = PBXFileReference; fileEncoding = 4; lastKnownFileType = sourcecode.javascript; path = "uiautomation-ext.js"; sourceTree = "<group>"; };
/* End PBXFileReference section */

/* Begin PBXFrameworksBuildPhase section */
		3861498D15AA2C3B00E79B6C /* Frameworks */ = {
			isa = PBXFrameworksBuildPhase;
			buildActionMask = 2147483647;
			files = (
				3861499515AA2C3B00E79B6C /* UIKit.framework in Frameworks */,
				3861499715AA2C3B00E79B6C /* Foundation.framework in Frameworks */,
				3861499915AA2C3B00E79B6C /* CoreGraphics.framework in Frameworks */,
			);
			runOnlyForDeploymentPostprocessing = 0;
		};
		386149B315AA2C3B00E79B6C /* Frameworks */ = {
			isa = PBXFrameworksBuildPhase;
			buildActionMask = 2147483647;
			files = (
				386149B915AA2C3B00E79B6C /* SenTestingKit.framework in Frameworks */,
				386149BA15AA2C3B00E79B6C /* UIKit.framework in Frameworks */,
				386149BB15AA2C3B00E79B6C /* Foundation.framework in Frameworks */,
			);
			runOnlyForDeploymentPostprocessing = 0;
		};
/* End PBXFrameworksBuildPhase section */

/* Begin PBXGroup section */
		3803A75F15BE354C0062C114 /* Icons */ = {
			isa = PBXGroup;
			children = (
				387ED5D2163987720074A89A /* Default-568h@2x.png */,
				387ED5E416398CD30074A89A /* Default-Landscape@2x~ipad.png */,
				387ED5E216398CCD0074A89A /* Default-Landscape~ipad.png */,
				387ED5E016398CC70074A89A /* Default-Portrait@2x~ipad.png */,
				3803A78715BE5AFE0062C114 /* Default-Portrait~ipad.png */,
				3803A77215BE37E40062C114 /* Default.png */,
				3803A77315BE37E40062C114 /* Default@2x.png */,
				3803A76015BE35590062C114 /* Icon-72.png */,
				3803A76115BE35590062C114 /* Icon-72@2x.png */,
				3803A76215BE35590062C114 /* Icon-Small-50.png */,
				3803A76315BE35590062C114 /* Icon-Small-50@2x.png */,
				3803A76415BE35590062C114 /* Icon-Small.png */,
				3803A76515BE35590062C114 /* Icon-Small@2x.png */,
				3803A76615BE35590062C114 /* Icon.png */,
				3803A76715BE35590062C114 /* Icon@2x.png */,
			);
			name = Icons;
			sourceTree = "<group>";
		};
		3803A78915BE5B5C0062C114 /* SOLIDFunc */ = {
			isa = PBXGroup;
			children = (
				3803A7C815BE7E460062C114 /* SOLIDTests copy-Info.plist */,
				387ED5DA16398AE20074A89A /* testSOLID_iPad.js */,
				387ED5DB16398AE20074A89A /* testSOLID_iPhone.js */,
				388E0B3715BF1969009BB531 /* tuneup_js */,
				387ED5DC16398AE20074A89A /* uiautomationHelpers.js */,
			);
			name = SOLIDFunc;
			sourceTree = "<group>";
		};
		382394C5163ACFB400098960 /* Scripts */ = {
			isa = PBXGroup;
			children = (
				382394CC163ACFCD00098960 /* appledoc.sh */,
				382394CB163ACFCD00098960 /* clean_compile_noTests.sh */,
				382394CA163ACFCD00098960 /* clean_compile_test.sh */,
				382394C9163ACFCD00098960 /* cli_unit_tests_with_ios-sim.rb */,
				382394C8163ACFCD00098960 /* cli_unit_tests_with_results.rb */,
				382394C7163ACFCD00098960 /* cli_unit_tests_with_results.sh */,
				3886634A169F7E9F00565183 /* pushover_notification.sh */,
				382394CD163ACFCD00098960 /* run_cpd.sh */,
				382394C6163ACFCD00098960 /* run_gcovr.sh */,
				382394CF163ACFCD00098960 /* service_check.sh */,
				382394CE163ACFCD00098960 /* testflight_deploy.sh */,
			);
			name = Scripts;
			sourceTree = "<group>";
		};
		3861498515AA2C3A00E79B6C = {
			isa = PBXGroup;
			children = (
				3803A75F15BE354C0062C114 /* Icons */,
				382394C5163ACFB400098960 /* Scripts */,
				3861499A15AA2C3B00E79B6C /* SOLID */,
				386149BE15AA2C3B00E79B6C /* SOLIDTests */,
				3803A78915BE5B5C0062C114 /* SOLIDFunc */,
				3886634C169F7ED500565183 /* UIAutomation */,
				3861499315AA2C3B00E79B6C /* Frameworks */,
				3861499115AA2C3B00E79B6C /* Products */,
			);
			sourceTree = "<group>";
		};
		3861499115AA2C3B00E79B6C /* Products */ = {
			isa = PBXGroup;
			children = (
				3861499015AA2C3B00E79B6C /* SOLID.app */,
				386149B715AA2C3B00E79B6C /* SOLIDTests.octest */,
			);
			name = Products;
			sourceTree = "<group>";
		};
		3861499315AA2C3B00E79B6C /* Frameworks */ = {
			isa = PBXGroup;
			children = (
				3861499415AA2C3B00E79B6C /* UIKit.framework */,
				3861499615AA2C3B00E79B6C /* Foundation.framework */,
				3861499815AA2C3B00E79B6C /* CoreGraphics.framework */,
				386149B815AA2C3B00E79B6C /* SenTestingKit.framework */,
			);
			name = Frameworks;
			sourceTree = "<group>";
		};
		3861499A15AA2C3B00E79B6C /* SOLID */ = {
			isa = PBXGroup;
			children = (
				386149A915AA2C3B00E79B6C /* MainStoryboard_iPad.storyboard */,
				386149A615AA2C3B00E79B6C /* MainStoryboard_iPhone.storyboard */,
				386149A315AA2C3B00E79B6C /* MUAppDelegate.h */,
				386149A415AA2C3B00E79B6C /* MUAppDelegate.m */,
				386149D715AA69D000E79B6C /* MUConcept.h */,
				386149D815AA69D000E79B6C /* MUConcept.m */,
				386149AF15AA2C3B00E79B6C /* MUDetailViewController.h */,
				386149B015AA2C3B00E79B6C /* MUDetailViewController.m */,
				386149AC15AA2C3B00E79B6C /* MUMasterViewController.h */,
				386149AD15AA2C3B00E79B6C /* MUMasterViewController.m */,
				386149D315AA689C00E79B6C /* MUPrinciples.h */,
				386149D415AA689D00E79B6C /* MUPrinciples.m */,
				3861499B15AA2C3B00E79B6C /* Supporting Files */,
			);
			path = SOLID;
			sourceTree = "<group>";
		};
		3861499B15AA2C3B00E79B6C /* Supporting Files */ = {
			isa = PBXGroup;
			children = (
				3861499D15AA2C3B00E79B6C /* InfoPlist.strings */,
				386149A015AA2C3B00E79B6C /* main.m */,
				386149E015AA968A00E79B6C /* README.md */,
				3861499C15AA2C3B00E79B6C /* SOLID-Info.plist */,
				386149A215AA2C3B00E79B6C /* SOLID-Prefix.pch */,
			);
			name = "Supporting Files";
			sourceTree = "<group>";
		};
		386149BE15AA2C3B00E79B6C /* SOLIDTests */ = {
			isa = PBXGroup;
			children = (
				386149DA15AA87E500E79B6C /* MUConceptTest.h */,
				386149DB15AA87E500E79B6C /* MUConceptTest.m */,
				386149DD15AA8B7C00E79B6C /* MUPrinciplesTest.h */,
				386149DE15AA8B7C00E79B6C /* MUPrinciplesTest.m */,
				386149BF15AA2C3B00E79B6C /* Supporting Files */,
			);
			path = SOLIDTests;
			sourceTree = "<group>";
		};
		386149BF15AA2C3B00E79B6C /* Supporting Files */ = {
			isa = PBXGroup;
			children = (
				3803A7B015BE79690062C114 /* CoverageFix.h */,
				3803A7B115BE79690062C114 /* CoverageFix.m */,
				386149C115AA2C3B00E79B6C /* InfoPlist.strings */,
				3803A75915BE171A0062C114 /* ocunit2junit.rb */,
				3803A75A15BE171A0062C114 /* RunPlatformUnitTests */,
				386149C015AA2C3B00E79B6C /* SOLIDTests-Info.plist */,
			);
			name = "Supporting Files";
			sourceTree = "<group>";
		};
		3886634C169F7ED500565183 /* UIAutomation */ = {
			isa = PBXGroup;
			children = (
				3886634F169F7EFE00565183 /* env.js */,
				3886634D169F7EFE00565183 /* run_automation.sh */,
				38866350169F7EFE00565183 /* UIAutomationTemplate.tracetemplate */,
				3886634E169F7EFE00565183 /* unix_instruments */,
			);
			name = UIAutomation;
			sourceTree = "<group>";
		};
		388E0B3715BF1969009BB531 /* tuneup_js */ = {
			isa = PBXGroup;
			children = (
				388E0B3815BF1969009BB531 /* assertions.js */,
				388E0B3915BF1969009BB531 /* lang-ext.js */,
				388E0B3A15BF1969009BB531 /* LICENSE */,
				388E0B3B15BF1969009BB531 /* README.md */,
				388E0B3C15BF1969009BB531 /* screen.js */,
				388E0B3D15BF1969009BB531 /* test.js */,
				388E0B3E15BF1969009BB531 /* tuneup.js */,
				388E0B3F15BF1969009BB531 /* uiautomation-ext.js */,
			);
			name = tuneup_js;
			path = SOLIDFunc/tuneup_js;
			sourceTree = "<group>";
		};
/* End PBXGroup section */

/* Begin PBXNativeTarget section */
		3861498F15AA2C3B00E79B6C /* SOLID */ = {
			isa = PBXNativeTarget;
			buildConfigurationList = 386149C915AA2C3B00E79B6C /* Build configuration list for PBXNativeTarget "SOLID" */;
			buildPhases = (
				3861498C15AA2C3B00E79B6C /* Sources */,
				3861498D15AA2C3B00E79B6C /* Frameworks */,
				3861498E15AA2C3B00E79B6C /* Resources */,
			);
			buildRules = (
			);
			dependencies = (
			);
			name = SOLID;
			productName = SOLID;
			productReference = 3861499015AA2C3B00E79B6C /* SOLID.app */;
			productType = "com.apple.product-type.application";
		};
		386149B615AA2C3B00E79B6C /* SOLIDTests */ = {
			isa = PBXNativeTarget;
			buildConfigurationList = 386149CC15AA2C3B00E79B6C /* Build configuration list for PBXNativeTarget "SOLIDTests" */;
			buildPhases = (
				386149B215AA2C3B00E79B6C /* Sources */,
				386149B315AA2C3B00E79B6C /* Frameworks */,
				386149B415AA2C3B00E79B6C /* Resources */,
				386149B515AA2C3B00E79B6C /* ShellScript */,
			);
			buildRules = (
			);
			dependencies = (
				386149BD15AA2C3B00E79B6C /* PBXTargetDependency */,
			);
			name = SOLIDTests;
			productName = SOLIDTests;
			productReference = 386149B715AA2C3B00E79B6C /* SOLIDTests.octest */;
			productType = "com.apple.product-type.bundle";
		};
/* End PBXNativeTarget section */

/* Begin PBXProject section */
		3861498715AA2C3A00E79B6C /* Project object */ = {
			isa = PBXProject;
			attributes = {
				CLASSPREFIX = MU;
				LastUpgradeCheck = 0430;
				ORGANIZATIONNAME = "Method Up";
			};
			buildConfigurationList = 3861498A15AA2C3A00E79B6C /* Build configuration list for PBXProject "SOLID" */;
			compatibilityVersion = "Xcode 3.2";
			developmentRegion = English;
			hasScannedForEncodings = 0;
			knownRegions = (
				en,
			);
			mainGroup = 3861498515AA2C3A00E79B6C;
			productRefGroup = 3861499115AA2C3B00E79B6C /* Products */;
			projectDirPath = "";
			projectRoot = "";
			targets = (
				3861498F15AA2C3B00E79B6C /* SOLID */,
				386149B615AA2C3B00E79B6C /* SOLIDTests */,
			);
		};
/* End PBXProject section */

/* Begin PBXResourcesBuildPhase section */
		3861498E15AA2C3B00E79B6C /* Resources */ = {
			isa = PBXResourcesBuildPhase;
			buildActionMask = 2147483647;
			files = (
				3861499F15AA2C3B00E79B6C /* InfoPlist.strings in Resources */,
				386149A815AA2C3B00E79B6C /* MainStoryboard_iPhone.storyboard in Resources */,
				386149AB15AA2C3B00E79B6C /* MainStoryboard_iPad.storyboard in Resources */,
				386149E115AA968A00E79B6C /* README.md in Resources */,
				3803A77015BE35660062C114 /* Icon.png in Resources */,
				3803A77115BE35680062C114 /* Icon@2x.png in Resources */,
				3803A77815BE37EC0062C114 /* Default.png in Resources */,
				3803A77915BE37EC0062C114 /* Default@2x.png in Resources */,
				3803A77B15BE37EC0062C114 /* Icon-72.png in Resources */,
				3803A77C15BE37EC0062C114 /* Icon-72@2x.png in Resources */,
				3803A77D15BE37EC0062C114 /* Icon-Small-50.png in Resources */,
				3803A77E15BE37EC0062C114 /* Icon-Small-50@2x.png in Resources */,
				3803A77F15BE37EC0062C114 /* Icon-Small.png in Resources */,
				3803A78015BE37EC0062C114 /* Icon-Small@2x.png in Resources */,
				3803A78815BE5AFE0062C114 /* Default-Portrait~ipad.png in Resources */,
				387ED5D3163987720074A89A /* Default-568h@2x.png in Resources */,
				387ED5E116398CC70074A89A /* Default-Portrait@2x~ipad.png in Resources */,
				387ED5E316398CCD0074A89A /* Default-Landscape~ipad.png in Resources */,
				387ED5E516398CD30074A89A /* Default-Landscape@2x~ipad.png in Resources */,
				382394D0163ACFCD00098960 /* run_gcovr.sh in Resources */,
				382394D1163ACFCD00098960 /* cli_unit_tests_with_results.sh in Resources */,
				382394D2163ACFCD00098960 /* cli_unit_tests_with_results.rb in Resources */,
				382394D3163ACFCD00098960 /* cli_unit_tests_with_ios-sim.rb in Resources */,
				382394D4163ACFCD00098960 /* clean_compile_test.sh in Resources */,
				382394D5163ACFCD00098960 /* clean_compile_noTests.sh in Resources */,
				382394D6163ACFCD00098960 /* appledoc.sh in Resources */,
				382394D7163ACFCD00098960 /* run_cpd.sh in Resources */,
				382394D8163ACFCD00098960 /* testflight_deploy.sh in Resources */,
				382394D9163ACFCD00098960 /* service_check.sh in Resources */,
				3886634B169F7E9F00565183 /* pushover_notification.sh in Resources */,
				38866351169F7EFE00565183 /* run_automation.sh in Resources */,
				38866352169F7EFE00565183 /* unix_instruments in Resources */,
				38866354169F7EFE00565183 /* UIAutomationTemplate.tracetemplate in Resources */,
			);
			runOnlyForDeploymentPostprocessing = 0;
		};
		386149B415AA2C3B00E79B6C /* Resources */ = {
			isa = PBXResourcesBuildPhase;
			buildActionMask = 2147483647;
			files = (
				38866364169FC90500565183 /* SOLIDTests copy-Info.plist in Resources */,
				38866365169FC90500565183 /* testSOLID_iPad.js in Resources */,
				38866366169FC90500565183 /* testSOLID_iPhone.js in Resources */,
				38866367169FC90500565183 /* assertions.js in Resources */,
				38866368169FC90500565183 /* lang-ext.js in Resources */,
				38866369169FC90500565183 /* LICENSE in Resources */,
				3886636A169FC90500565183 /* README.md in Resources */,
				3886636B169FC90500565183 /* screen.js in Resources */,
				3886636C169FC90500565183 /* test.js in Resources */,
				3886636D169FC90500565183 /* tuneup.js in Resources */,
				3886636E169FC90500565183 /* uiautomation-ext.js in Resources */,
				3886636F169FC90500565183 /* uiautomationHelpers.js in Resources */,
				38866360169FC8DF00565183 /* env.js in Resources */,
				38866361169FC8DF00565183 /* run_automation.sh in Resources */,
				38866362169FC8DF00565183 /* UIAutomationTemplate.tracetemplate in Resources */,
				38866363169FC8DF00565183 /* unix_instruments in Resources */,
				38866355169FC8D800565183 /* appledoc.sh in Resources */,
				38866356169FC8D800565183 /* clean_compile_noTests.sh in Resources */,
				38866357169FC8D800565183 /* clean_compile_test.sh in Resources */,
				38866358169FC8D800565183 /* cli_unit_tests_with_ios-sim.rb in Resources */,
				38866359169FC8D800565183 /* cli_unit_tests_with_results.rb in Resources */,
				3886635A169FC8D800565183 /* cli_unit_tests_with_results.sh in Resources */,
				3886635B169FC8D800565183 /* pushover_notification.sh in Resources */,
				3886635C169FC8D800565183 /* run_cpd.sh in Resources */,
				3886635D169FC8D800565183 /* run_gcovr.sh in Resources */,
				3886635E169FC8D800565183 /* service_check.sh in Resources */,
				3886635F169FC8D800565183 /* testflight_deploy.sh in Resources */,
				386149C315AA2C3B00E79B6C /* InfoPlist.strings in Resources */,
				3803A75B15BE171A0062C114 /* ocunit2junit.rb in Resources */,
				3803A75C15BE171A0062C114 /* RunPlatformUnitTests in Resources */,
			);
			runOnlyForDeploymentPostprocessing = 0;
		};
/* End PBXResourcesBuildPhase section */

/* Begin PBXShellScriptBuildPhase section */
		386149B515AA2C3B00E79B6C /* ShellScript */ = {
			isa = PBXShellScriptBuildPhase;
			buildActionMask = 2147483647;
			files = (
			);
			inputPaths = (
			);
			outputPaths = (
			);
			runOnlyForDeploymentPostprocessing = 0;
			shellPath = /bin/sh;
			shellScript = "# Run the unit tests in this test bundle.\n# \"${SYSTEM_DEVELOPER_DIR}/Tools/RunUnitTests\"\nruby $SRCROOT/scripts/cli_unit_tests_with_ios-sim.rb\n# ruby $SRCROOT/scripts/cli_unit_tests_with_results.rb\n";
			showEnvVarsInLog = 0;
		};
/* End PBXShellScriptBuildPhase section */

/* Begin PBXSourcesBuildPhase section */
		3861498C15AA2C3B00E79B6C /* Sources */ = {
			isa = PBXSourcesBuildPhase;
			buildActionMask = 2147483647;
			files = (
				386149A115AA2C3B00E79B6C /* main.m in Sources */,
				386149A515AA2C3B00E79B6C /* MUAppDelegate.m in Sources */,
				386149AE15AA2C3B00E79B6C /* MUMasterViewController.m in Sources */,
				386149B115AA2C3B00E79B6C /* MUDetailViewController.m in Sources */,
				386149D515AA689D00E79B6C /* MUPrinciples.m in Sources */,
				386149D915AA69D000E79B6C /* MUConcept.m in Sources */,
				38866353169F7EFE00565183 /* env.js in Sources */,
			);
			runOnlyForDeploymentPostprocessing = 0;
		};
		386149B215AA2C3B00E79B6C /* Sources */ = {
			isa = PBXSourcesBuildPhase;
			buildActionMask = 2147483647;
			files = (
				386149DC15AA87E500E79B6C /* MUConceptTest.m in Sources */,
				386149DF15AA8B7C00E79B6C /* MUPrinciplesTest.m in Sources */,
				3803A7B215BE79690062C114 /* CoverageFix.m in Sources */,
			);
			runOnlyForDeploymentPostprocessing = 0;
		};
/* End PBXSourcesBuildPhase section */

/* Begin PBXTargetDependency section */
		386149BD15AA2C3B00E79B6C /* PBXTargetDependency */ = {
			isa = PBXTargetDependency;
			target = 3861498F15AA2C3B00E79B6C /* SOLID */;
			targetProxy = 386149BC15AA2C3B00E79B6C /* PBXContainerItemProxy */;
		};
/* End PBXTargetDependency section */

/* Begin PBXVariantGroup section */
		3861499D15AA2C3B00E79B6C /* InfoPlist.strings */ = {
			isa = PBXVariantGroup;
			children = (
				3861499E15AA2C3B00E79B6C /* en */,
			);
			name = InfoPlist.strings;
			sourceTree = "<group>";
		};
		386149A615AA2C3B00E79B6C /* MainStoryboard_iPhone.storyboard */ = {
			isa = PBXVariantGroup;
			children = (
				386149A715AA2C3B00E79B6C /* en */,
			);
			name = MainStoryboard_iPhone.storyboard;
			sourceTree = "<group>";
		};
		386149A915AA2C3B00E79B6C /* MainStoryboard_iPad.storyboard */ = {
			isa = PBXVariantGroup;
			children = (
				386149AA15AA2C3B00E79B6C /* en */,
			);
			name = MainStoryboard_iPad.storyboard;
			sourceTree = "<group>";
		};
		386149C115AA2C3B00E79B6C /* InfoPlist.strings */ = {
			isa = PBXVariantGroup;
			children = (
				386149C215AA2C3B00E79B6C /* en */,
			);
			name = InfoPlist.strings;
			sourceTree = "<group>";
		};
/* End PBXVariantGroup section */

/* Begin XCBuildConfiguration section */
		386149C715AA2C3B00E79B6C /* Debug */ = {
			isa = XCBuildConfiguration;
			buildSettings = {
				ALWAYS_SEARCH_USER_PATHS = NO;
				ARCHS = "$(ARCHS_STANDARD_32_BIT)";
				CLANG_ENABLE_OBJC_ARC = YES;
				"CODE_SIGN_IDENTITY[sdk=iphoneos*]" = "iPhone Developer";
				COPY_PHASE_STRIP = NO;
				GCC_C_LANGUAGE_STANDARD = gnu99;
				GCC_DYNAMIC_NO_PIC = NO;
				GCC_OPTIMIZATION_LEVEL = 0;
				GCC_PREPROCESSOR_DEFINITIONS = (
					"DEBUG=1",
					"$(inherited)",
				);
				GCC_SYMBOLS_PRIVATE_EXTERN = NO;
				GCC_VERSION = com.apple.compilers.llvm.clang.1_0;
				GCC_WARN_ABOUT_RETURN_TYPE = YES;
				GCC_WARN_UNINITIALIZED_AUTOS = YES;
				GCC_WARN_UNUSED_VARIABLE = YES;
				IPHONEOS_DEPLOYMENT_TARGET = 5.1;
				SDKROOT = iphoneos;
				TARGETED_DEVICE_FAMILY = "1,2";
			};
			name = Debug;
		};
		386149C815AA2C3B00E79B6C /* Release */ = {
			isa = XCBuildConfiguration;
			buildSettings = {
				ALWAYS_SEARCH_USER_PATHS = NO;
				ARCHS = "$(ARCHS_STANDARD_32_BIT)";
				CLANG_ENABLE_OBJC_ARC = YES;
				"CODE_SIGN_IDENTITY[sdk=iphoneos*]" = "iPhone Developer";
				COPY_PHASE_STRIP = YES;
				GCC_C_LANGUAGE_STANDARD = gnu99;
				GCC_VERSION = com.apple.compilers.llvm.clang.1_0;
				GCC_WARN_ABOUT_RETURN_TYPE = YES;
				GCC_WARN_UNINITIALIZED_AUTOS = YES;
				GCC_WARN_UNUSED_VARIABLE = YES;
				IPHONEOS_DEPLOYMENT_TARGET = 5.1;
				OTHER_CFLAGS = "-DNS_BLOCK_ASSERTIONS=1";
				SDKROOT = iphoneos;
				TARGETED_DEVICE_FAMILY = "1,2";
				VALIDATE_PRODUCT = YES;
			};
			name = Release;
		};
		386149CA15AA2C3B00E79B6C /* Debug */ = {
			isa = XCBuildConfiguration;
			buildSettings = {
				GCC_GENERATE_TEST_COVERAGE_FILES = YES;
				GCC_INSTRUMENT_PROGRAM_FLOW_ARCS = YES;
				GCC_PRECOMPILE_PREFIX_HEADER = YES;
				GCC_PREFIX_HEADER = "SOLID/SOLID-Prefix.pch";
				INFOPLIST_FILE = "SOLID/SOLID-Info.plist";
				PRODUCT_NAME = "$(TARGET_NAME)";
				TEST_AFTER_BUILD = NO;
				WRAPPER_EXTENSION = app;
			};
			name = Debug;
		};
		386149CB15AA2C3B00E79B6C /* Release */ = {
			isa = XCBuildConfiguration;
			buildSettings = {
				GCC_GENERATE_TEST_COVERAGE_FILES = YES;
				GCC_INSTRUMENT_PROGRAM_FLOW_ARCS = YES;
				GCC_PRECOMPILE_PREFIX_HEADER = YES;
				GCC_PREFIX_HEADER = "SOLID/SOLID-Prefix.pch";
				INFOPLIST_FILE = "SOLID/SOLID-Info.plist";
				PRODUCT_NAME = "$(TARGET_NAME)";
				TEST_AFTER_BUILD = NO;
				WRAPPER_EXTENSION = app;
			};
			name = Release;
		};
		386149CD15AA2C3B00E79B6C /* Debug */ = {
			isa = XCBuildConfiguration;
			buildSettings = {
				BUNDLE_LOADER = "$(BUILT_PRODUCTS_DIR)/SOLID.app/SOLID";
				FRAMEWORK_SEARCH_PATHS = (
					"$(SDKROOT)/Developer/Library/Frameworks",
					"$(DEVELOPER_LIBRARY_DIR)/Frameworks",
				);
				GCC_GENERATE_TEST_COVERAGE_FILES = YES;
				GCC_INSTRUMENT_PROGRAM_FLOW_ARCS = YES;
				GCC_PRECOMPILE_PREFIX_HEADER = YES;
				GCC_PREFIX_HEADER = "SOLID/SOLID-Prefix.pch";
				GCC_VERSION = "";
				GENERATE_PROFILING_CODE = YES;
				INFOPLIST_FILE = "SOLIDTests/SOLIDTests-Info.plist";
				OTHER_LDFLAGS = "";
				PRODUCT_NAME = "$(TARGET_NAME)";
				TEST_AFTER_BUILD = YES;
				TEST_HOST = "$(BUNDLE_LOADER)";
				WRAPPER_EXTENSION = octest;
			};
			name = Debug;
		};
		386149CE15AA2C3B00E79B6C /* Release */ = {
			isa = XCBuildConfiguration;
			buildSettings = {
				BUNDLE_LOADER = "$(BUILT_PRODUCTS_DIR)/SOLID.app/SOLID";
				FRAMEWORK_SEARCH_PATHS = (
					"$(SDKROOT)/Developer/Library/Frameworks",
					"$(DEVELOPER_LIBRARY_DIR)/Frameworks",
				);
				GCC_GENERATE_TEST_COVERAGE_FILES = YES;
				GCC_INSTRUMENT_PROGRAM_FLOW_ARCS = YES;
				GCC_PRECOMPILE_PREFIX_HEADER = YES;
				GCC_PREFIX_HEADER = "SOLID/SOLID-Prefix.pch";
				GCC_VERSION = "";
				GENERATE_PROFILING_CODE = YES;
				INFOPLIST_FILE = "SOLIDTests/SOLIDTests-Info.plist";
				OTHER_LDFLAGS = "";
				PRODUCT_NAME = "$(TARGET_NAME)";
				TEST_AFTER_BUILD = YES;
				TEST_HOST = "$(BUNDLE_LOADER)";
				WRAPPER_EXTENSION = octest;
			};
			name = Release;
		};
/* End XCBuildConfiguration section */

/* Begin XCConfigurationList section */
		3861498A15AA2C3A00E79B6C /* Build configuration list for PBXProject "SOLID" */ = {
			isa = XCConfigurationList;
			buildConfigurations = (
				386149C715AA2C3B00E79B6C /* Debug */,
				386149C815AA2C3B00E79B6C /* Release */,
			);
			defaultConfigurationIsVisible = 0;
			defaultConfigurationName = Release;
		};
		386149C915AA2C3B00E79B6C /* Build configuration list for PBXNativeTarget "SOLID" */ = {
			isa = XCConfigurationList;
			buildConfigurations = (
				386149CA15AA2C3B00E79B6C /* Debug */,
				386149CB15AA2C3B00E79B6C /* Release */,
			);
			defaultConfigurationIsVisible = 0;
			defaultConfigurationName = Release;
		};
		386149CC15AA2C3B00E79B6C /* Build configuration list for PBXNativeTarget "SOLIDTests" */ = {
			isa = XCConfigurationList;
			buildConfigurations = (
				386149CD15AA2C3B00E79B6C /* Debug */,
				386149CE15AA2C3B00E79B6C /* Release */,
			);
			defaultConfigurationIsVisible = 0;
			defaultConfigurationName = Release;
		};
/* End XCConfigurationList section */
	};
	rootObject = 3861498715AA2C3A00E79B6C /* Project object */;
}
